
Microsoft Visual Studio Solution File, Format Version 12.00
# Visual Studio 2012
Project("{FAE04EC0-301F-11D3-BF4B-00C04F79EFBC}") = "VK", "VK\VK.csproj", "{B12BFB40-2A5F-4419-A69F-DEDB8EB2FF83}"
EndProject
Project("{FAE04EC0-301F-11D3-BF4B-00C04F79EFBC}") = "VK.UnitTests", "VK.UnitTests\VK.UnitTests.csproj", "{5789693C-998D-4651-8658-97EEE17E1F0C}"
EndProject
Global
	GlobalSection(SolutionConfigurationPlatforms) = preSolution
		Debug|Any CPU = Debug|Any CPU
		Release|Any CPU = Release|Any CPU
	EndGlobalSection
	GlobalSection(ProjectConfigurationPlatforms) = postSolution
		{B12BFB40-2A5F-4419-A69F-DEDB8EB2FF83}.Debug|Any CPU.ActiveCfg = Debug|Any CPU
		{B12BFB40-2A5F-4419-A69F-DEDB8EB2FF83}.Debug|Any CPU.Build.0 = Debug|Any CPU
		{B12BFB40-2A5F-4419-A69F-DEDB8EB2FF83}.Release|Any CPU.ActiveCfg = Release|Any CPU
		{B12BFB40-2A5F-4419-A69F-DEDB8EB2FF83}.Release|Any CPU.Build.0 = Release|Any CPU
		{5789693C-998D-4651-8658-97EEE17E1F0C}.Debug|Any CPU.ActiveCfg = Debug|Any CPU
		{5789693C-998D-4651-8658-97EEE17E1F0C}.Debug|Any CPU.Build.0 = Debug|Any CPU
		{5789693C-998D-4651-8658-97EEE17E1F0C}.Release|Any CPU.ActiveCfg = Release|Any CPU
		{5789693C-998D-4651-8658-97EEE17E1F0C}.Release|Any CPU.Build.0 = Release|Any CPU
	EndGlobalSection
	GlobalSection(SolutionProperties) = preSolution
		HideSolutionNode = FALSE
	EndGlobalSection
EndGlobal
